
Microsoft Visual Studio Solution File, Format Version 12.00
# Visual Studio 15
VisualStudioVersion = 15.0.27703.2018
MinimumVisualStudioVersion = 10.0.40219.1
Project("{FAE04EC0-301F-11D3-BF4B-00C04F79EFBC}") = "Phew", "Phew\Phew.csproj", "{F14AFB70-0E69-4810-A324-96C45B8AC6ED}"
EndProject
Global
	GlobalSection(SolutionConfigurationPlatforms) = preSolution
		Debug|Any CPU = Debug|Any CPU
		Release|Any CPU = Release|Any CPU
	EndGlobalSection
	GlobalSection(ProjectConfigurationPlatforms) = postSolution
		{F14AFB70-0E69-4810-A324-96C45B8AC6ED}.Debug|Any CPU.ActiveCfg = Debug|Any CPU
		{F14AFB70-0E69-4810-A324-96C45B8AC6ED}.Debug|Any CPU.Build.0 = Debug|Any CPU
		{F14AFB70-0E69-4810-A324-96C45B8AC6ED}.Release|Any CPU.ActiveCfg = Release|Any CPU
		{F14AFB70-0E69-4810-A324-96C45B8AC6ED}.Release|Any CPU.Build.0 = Release|Any CPU
	EndGlobalSection
	GlobalSection(SolutionProperties) = preSolution
		HideSolutionNode = FALSE
	EndGlobalSection
	GlobalSection(ExtensibilityGlobals) = postSolution
		SolutionGuid = {C3BCCFBC-6012-403A-93BC-C8AA5911157C}
	EndGlobalSection
EndGlobal
